// !$*UTF8*$!
{
	archiveVersion = 1;
	classes = {
	};
	objectVersion = 55;
	objects = {

/* Begin PBXBuildFile section */
		3BE3594F272881A800058FEC /* AppDelegate.swift in Sources */ = {isa = PBXBuildFile; fileRef = 3BE3594E272881A800058FEC /* AppDelegate.swift */; };
		3BE35951272881A800058FEC /* SceneDelegate.swift in Sources */ = {isa = PBXBuildFile; fileRef = 3BE35950272881A800058FEC /* SceneDelegate.swift */; };
		3BE35953272881A800058FEC /* ViewController.swift in Sources */ = {isa = PBXBuildFile; fileRef = 3BE35952272881A800058FEC /* ViewController.swift */; };
		3BE35956272881A800058FEC /* Main.storyboard in Resources */ = {isa = PBXBuildFile; fileRef = 3BE35954272881A800058FEC /* Main.storyboard */; };
		3BE35958272881A800058FEC /* Assets.xcassets in Resources */ = {isa = PBXBuildFile; fileRef = 3BE35957272881A800058FEC /* Assets.xcassets */; };
		3BE3595B272881A800058FEC /* LaunchScreen.storyboard in Resources */ = {isa = PBXBuildFile; fileRef = 3BE35959272881A800058FEC /* LaunchScreen.storyboard */; };
		3BE35966272881A800058FEC /* first_appTests.swift in Sources */ = {isa = PBXBuildFile; fileRef = 3BE35965272881A800058FEC /* first_appTests.swift */; };
		3BE35970272881A800058FEC /* first_appUITests.swift in Sources */ = {isa = PBXBuildFile; fileRef = 3BE3596F272881A800058FEC /* first_appUITests.swift */; };
		3BE35972272881A800058FEC /* first_appUITestsLaunchTests.swift in Sources */ = {isa = PBXBuildFile; fileRef = 3BE35971272881A800058FEC /* first_appUITestsLaunchTests.swift */; };
/* End PBXBuildFile section */

/* Begin PBXContainerItemProxy section */
		3BE35962272881A800058FEC /* PBXContainerItemProxy */ = {
			isa = PBXContainerItemProxy;
			containerPortal = 3BE35943272881A800058FEC /* Project object */;
			proxyType = 1;
			remoteGlobalIDString = 3BE3594A272881A800058FEC;
			remoteInfo = "first app";
		};
		3BE3596C272881A800058FEC /* PBXContainerItemProxy */ = {
			isa = PBXContainerItemProxy;
			containerPortal = 3BE35943272881A800058FEC /* Project object */;
			proxyType = 1;
			remoteGlobalIDString = 3BE3594A272881A800058FEC;
			remoteInfo = "first app";
		};
/* End PBXContainerItemProxy section */

/* Begin PBXFileReference section */
		3BE3594B272881A800058FEC /* first app.app */ = {isa = PBXFileReference; explicitFileType = wrapper.application; includeInIndex = 0; path = "first app.app"; sourceTree = BUILT_PRODUCTS_DIR; };
		3BE3594E272881A800058FEC /* AppDelegate.swift */ = {isa = PBXFileReference; lastKnownFileType = sourcecode.swift; path = AppDelegate.swift; sourceTree = "<group>"; };
		3BE35950272881A800058FEC /* SceneDelegate.swift */ = {isa = PBXFileReference; lastKnownFileType = sourcecode.swift; path = SceneDelegate.swift; sourceTree = "<group>"; };
		3BE35952272881A800058FEC /* ViewController.swift */ = {isa = PBXFileReference; lastKnownFileType = sourcecode.swift; path = ViewController.swift; sourceTree = "<group>"; };
		3BE35955272881A800058FEC /* Base */ = {isa = PBXFileReference; lastKnownFileType = file.storyboard; name = Base; path = Base.lproj/Main.storyboard; sourceTree = "<group>"; };
		3BE35957272881A800058FEC /* Assets.xcassets */ = {isa = PBXFileReference; lastKnownFileType = folder.assetcatalog; path = Assets.xcassets; sourceTree = "<group>"; };
		3BE3595A272881A800058FEC /* Base */ = {isa = PBXFileReference; lastKnownFileType = file.storyboard; name = Base; path = Base.lproj/LaunchScreen.storyboard; sourceTree = "<group>"; };
		3BE3595C272881A800058FEC /* Info.plist */ = {isa = PBXFileReference; lastKnownFileType = text.plist.xml; path = Info.plist; sourceTree = "<group>"; };
		3BE35961272881A800058FEC /* first appTests.xctest */ = {isa = PBXFileReference; explicitFileType = wrapper.cfbundle; includeInIndex = 0; path = "first appTests.xctest"; sourceTree = BUILT_PRODUCTS_DIR; };
		3BE35965272881A800058FEC /* first_appTests.swift */ = {isa = PBXFileReference; lastKnownFileType = sourcecode.swift; path = first_appTests.swift; sourceTree = "<group>"; };
		3BE3596B272881A800058FEC /* first appUITests.xctest */ = {isa = PBXFileReference; explicitFileType = wrapper.cfbundle; includeInIndex = 0; path = "first appUITests.xctest"; sourceTree = BUILT_PRODUCTS_DIR; };
		3BE3596F272881A800058FEC /* first_appUITests.swift */ = {isa = PBXFileReference; lastKnownFileType = sourcecode.swift; path = first_appUITests.swift; sourceTree = "<group>"; };
		3BE35971272881A800058FEC /* first_appUITestsLaunchTests.swift */ = {isa = PBXFileReference; lastKnownFileType = sourcecode.swift; path = first_appUITestsLaunchTests.swift; sourceTree = "<group>"; };
/* End PBXFileReference section */

/* Begin PBXFrameworksBuildPhase section */
		3BE35948272881A800058FEC /* Frameworks */ = {
			isa = PBXFrameworksBuildPhase;
			buildActionMask = 2147483647;
			files = (
			);
			runOnlyForDeploymentPostprocessing = 0;
		};
		3BE3595E272881A800058FEC /* Frameworks */ = {
			isa = PBXFrameworksBuildPhase;
			buildActionMask = 2147483647;
			files = (
			);
			runOnlyForDeploymentPostprocessing = 0;
		};
		3BE35968272881A800058FEC /* Frameworks */ = {
			isa = PBXFrameworksBuildPhase;
			buildActionMask = 2147483647;
			files = (
			);
			runOnlyForDeploymentPostprocessing = 0;
		};
/* End PBXFrameworksBuildPhase section */

/* Begin PBXGroup section */
		3BE35942272881A800058FEC = {
			isa = PBXGroup;
			children = (
				3BE3594D272881A800058FEC /* first app */,
				3BE35964272881A800058FEC /* first appTests */,
				3BE3596E272881A800058FEC /* first appUITests */,
				3BE3594C272881A800058FEC /* Products */,
			);
			sourceTree = "<group>";
		};
		3BE3594C272881A800058FEC /* Products */ = {
			isa = PBXGroup;
			children = (
				3BE3594B272881A800058FEC /* first app.app */,
				3BE35961272881A800058FEC /* first appTests.xctest */,
				3BE3596B272881A800058FEC /* first appUITests.xctest */,
			);
			name = Products;
			sourceTree = "<group>";
		};
		3BE3594D272881A800058FEC /* first app */ = {
			isa = PBXGroup;
			children = (
				3BE3594E272881A800058FEC /* AppDelegate.swift */,
				3BE35950272881A800058FEC /* SceneDelegate.swift */,
				3BE35952272881A800058FEC /* ViewController.swift */,
				3BE35954272881A800058FEC /* Main.storyboard */,
				3BE35957272881A800058FEC /* Assets.xcassets */,
				3BE35959272881A800058FEC /* LaunchScreen.storyboard */,
				3BE3595C272881A800058FEC /* Info.plist */,
			);
			path = "first app";
			sourceTree = "<group>";
		};
		3BE35964272881A800058FEC /* first appTests */ = {
			isa = PBXGroup;
			children = (
				3BE35965272881A800058FEC /* first_appTests.swift */,
			);
			path = "first appTests";
			sourceTree = "<group>";
		};
		3BE3596E272881A800058FEC /* first appUITests */ = {
			isa = PBXGroup;
			children = (
				3BE3596F272881A800058FEC /* first_appUITests.swift */,
				3BE35971272881A800058FEC /* first_appUITestsLaunchTests.swift */,
			);
			path = "first appUITests";
			sourceTree = "<group>";
		};
/* End PBXGroup section */

/* Begin PBXNativeTarget section */
		3BE3594A272881A800058FEC /* first app */ = {
			isa = PBXNativeTarget;
			buildConfigurationList = 3BE35975272881A800058FEC /* Build configuration list for PBXNativeTarget "first app" */;
			buildPhases = (
				3BE35947272881A800058FEC /* Sources */,
				3BE35948272881A800058FEC /* Frameworks */,
				3BE35949272881A800058FEC /* Resources */,
			);
			buildRules = (
			);
			dependencies = (
			);
			name = "first app";
			productName = "first app";
			productReference = 3BE3594B272881A800058FEC /* first app.app */;
			productType = "com.apple.product-type.application";
		};
		3BE35960272881A800058FEC /* first appTests */ = {
			isa = PBXNativeTarget;
			buildConfigurationList = 3BE35978272881A800058FEC /* Build configuration list for PBXNativeTarget "first appTests" */;
			buildPhases = (
				3BE3595D272881A800058FEC /* Sources */,
				3BE3595E272881A800058FEC /* Frameworks */,
				3BE3595F272881A800058FEC /* Resources */,
			);
			buildRules = (
			);
			dependencies = (
				3BE35963272881A800058FEC /* PBXTargetDependency */,
			);
			name = "first appTests";
			productName = "first appTests";
			productReference = 3BE35961272881A800058FEC /* first appTests.xctest */;
			productType = "com.apple.product-type.bundle.unit-test";
		};
		3BE3596A272881A800058FEC /* first appUITests */ = {
			isa = PBXNativeTarget;
			buildConfigurationList = 3BE3597B272881A800058FEC /* Build configuration list for PBXNativeTarget "first appUITests" */;
			buildPhases = (
				3BE35967272881A800058FEC /* Sources */,
				3BE35968272881A800058FEC /* Frameworks */,
				3BE35969272881A800058FEC /* Resources */,
			);
			buildRules = (
			);
			dependencies = (
				3BE3596D272881A800058FEC /* PBXTargetDependency */,
			);
			name = "first appUITests";
			productName = "first appUITests";
			productReference = 3BE3596B272881A800058FEC /* first appUITests.xctest */;
			productType = "com.apple.product-type.bundle.ui-testing";
		};
/* End PBXNativeTarget section */

/* Begin PBXProject section */
		3BE35943272881A800058FEC /* Project object */ = {
			isa = PBXProject;
			attributes = {
				BuildIndependentTargetsInParallel = 1;
				LastSwiftUpdateCheck = 1310;
				LastUpgradeCheck = 1310;
				TargetAttributes = {
					3BE3594A272881A800058FEC = {
						CreatedOnToolsVersion = 13.1;
					};
					3BE35960272881A800058FEC = {
						CreatedOnToolsVersion = 13.1;
						TestTargetID = 3BE3594A272881A800058FEC;
					};
					3BE3596A272881A800058FEC = {
						CreatedOnToolsVersion = 13.1;
						TestTargetID = 3BE3594A272881A800058FEC;
					};
				};
			};
			buildConfigurationList = 3BE35946272881A800058FEC /* Build configuration list for PBXProject "first app" */;
			compatibilityVersion = "Xcode 13.0";
			developmentRegion = en;
			hasScannedForEncodings = 0;
			knownRegions = (
				en,
				Base,
			);
			mainGroup = 3BE35942272881A800058FEC;
			productRefGroup = 3BE3594C272881A800058FEC /* Products */;
			projectDirPath = "";
			projectRoot = "";
			targets = (
				3BE3594A272881A800058FEC /* first app */,
				3BE35960272881A800058FEC /* first appTests */,
				3BE3596A272881A800058FEC /* first appUITests */,
			);
		};
/* End PBXProject section */

/* Begin PBXResourcesBuildPhase section */
		3BE35949272881A800058FEC /* Resources */ = {
			isa = PBXResourcesBuildPhase;
			buildActionMask = 2147483647;
			files = (
				3BE3595B272881A800058FEC /* LaunchScreen.storyboard in Resources */,
				3BE35958272881A800058FEC /* Assets.xcassets in Resources */,
				3BE35956272881A800058FEC /* Main.storyboard in Resources */,
			);
			runOnlyForDeploymentPostprocessing = 0;
		};
		3BE3595F272881A800058FEC /* Resources */ = {
			isa = PBXResourcesBuildPhase;
			buildActionMask = 2147483647;
			files = (
			);
			runOnlyForDeploymentPostprocessing = 0;
		};
		3BE35969272881A800058FEC /* Resources */ = {
			isa = PBXResourcesBuildPhase;
			buildActionMask = 2147483647;
			files = (
			);
			runOnlyForDeploymentPostprocessing = 0;
		};
/* End PBXResourcesBuildPhase section */

/* Begin PBXSourcesBuildPhase section */
		3BE35947272881A800058FEC /* Sources */ = {
			isa = PBXSourcesBuildPhase;
			buildActionMask = 2147483647;
			files = (
				3BE35953272881A800058FEC /* ViewController.swift in Sources */,
				3BE3594F272881A800058FEC /* AppDelegate.swift in Sources */,
				3BE35951272881A800058FEC /* SceneDelegate.swift in Sources */,
			);
			runOnlyForDeploymentPostprocessing = 0;
		};
		3BE3595D272881A800058FEC /* Sources */ = {
			isa = PBXSourcesBuildPhase;
			buildActionMask = 2147483647;
			files = (
				3BE35966272881A800058FEC /* first_appTests.swift in Sources */,
			);
			runOnlyForDeploymentPostprocessing = 0;
		};
		3BE35967272881A800058FEC /* Sources */ = {
			isa = PBXSourcesBuildPhase;
			buildActionMask = 2147483647;
			files = (
				3BE35970272881A800058FEC /* first_appUITests.swift in Sources */,
				3BE35972272881A800058FEC /* first_appUITestsLaunchTests.swift in Sources */,
			);
			runOnlyForDeploymentPostprocessing = 0;
		};
/* End PBXSourcesBuildPhase section */

/* Begin PBXTargetDependency section */
		3BE35963272881A800058FEC /* PBXTargetDependency */ = {
			isa = PBXTargetDependency;
			target = 3BE3594A272881A800058FEC /* first app */;
			targetProxy = 3BE35962272881A800058FEC /* PBXContainerItemProxy */;
		};
		3BE3596D272881A800058FEC /* PBXTargetDependency */ = {
			isa = PBXTargetDependency;
			target = 3BE3594A272881A800058FEC /* first app */;
			targetProxy = 3BE3596C272881A800058FEC /* PBXContainerItemProxy */;
		};
/* End PBXTargetDependency section */

/* Begin PBXVariantGroup section */
		3BE35954272881A800058FEC /* Main.storyboard */ = {
			isa = PBXVariantGroup;
			children = (
				3BE35955272881A800058FEC /* Base */,
			);
			name = Main.storyboard;
			sourceTree = "<group>";
		};
		3BE35959272881A800058FEC /* LaunchScreen.storyboard */ = {
			isa = PBXVariantGroup;
			children = (
				3BE3595A272881A800058FEC /* Base */,
			);
			name = LaunchScreen.storyboard;
			sourceTree = "<group>";
		};
/* End PBXVariantGroup section */

/* Begin XCBuildConfiguration section */
		3BE35973272881A800058FEC /* Debug */ = {
			isa = XCBuildConfiguration;
			buildSettings = {
				ALWAYS_SEARCH_USER_PATHS = NO;
				CLANG_ANALYZER_NONNULL = YES;
				CLANG_ANALYZER_NUMBER_OBJECT_CONVERSION = YES_AGGRESSIVE;
				CLANG_CXX_LANGUAGE_STANDARD = "gnu++17";
				CLANG_CXX_LIBRARY = "libc++";
				CLANG_ENABLE_MODULES = YES;
				CLANG_ENABLE_OBJC_ARC = YES;
				CLANG_ENABLE_OBJC_WEAK = YES;
				CLANG_WARN_BLOCK_CAPTURE_AUTORELEASING = YES;
				CLANG_WARN_BOOL_CONVERSION = YES;
				CLANG_WARN_COMMA = YES;
				CLANG_WARN_CONSTANT_CONVERSION = YES;
				CLANG_WARN_DEPRECATED_OBJC_IMPLEMENTATIONS = YES;
				CLANG_WARN_DIRECT_OBJC_ISA_USAGE = YES_ERROR;
				CLANG_WARN_DOCUMENTATION_COMMENTS = YES;
				CLANG_WARN_EMPTY_BODY = YES;
				CLANG_WARN_ENUM_CONVERSION = YES;
				CLANG_WARN_INFINITE_RECURSION = YES;
				CLANG_WARN_INT_CONVERSION = YES;
				CLANG_WARN_NON_LITERAL_NULL_CONVERSION = YES;
				CLANG_WARN_OBJC_IMPLICIT_RETAIN_SELF = YES;
				CLANG_WARN_OBJC_LITERAL_CONVERSION = YES;
				CLANG_WARN_OBJC_ROOT_CLASS = YES_ERROR;
				CLANG_WARN_QUOTED_INCLUDE_IN_FRAMEWORK_HEADER = YES;
				CLANG_WARN_RANGE_LOOP_ANALYSIS = YES;
				CLANG_WARN_STRICT_PROTOTYPES = YES;
				CLANG_WARN_SUSPICIOUS_MOVE = YES;
				CLANG_WARN_UNGUARDED_AVAILABILITY = YES_AGGRESSIVE;
				CLANG_WARN_UNREACHABLE_CODE = YES;
				CLANG_WARN__DUPLICATE_METHOD_MATCH = YES;
				COPY_PHASE_STRIP = NO;
				DEBUG_INFORMATION_FORMAT = dwarf;
				ENABLE_STRICT_OBJC_MSGSEND = YES;
				ENABLE_TESTABILITY = YES;
				GCC_C_LANGUAGE_STANDARD = gnu11;
				GCC_DYNAMIC_NO_PIC = NO;
				GCC_NO_COMMON_BLOCKS = YES;
				GCC_OPTIMIZATION_LEVEL = 0;
				GCC_PREPROCESSOR_DEFINITIONS = (
					"DEBUG=1",
					"$(inherited)",
				);
				GCC_WARN_64_TO_32_BIT_CONVERSION = YES;
				GCC_WARN_ABOUT_RETURN_TYPE = YES_ERROR;
				GCC_WARN_UNDECLARED_SELECTOR = YES;
				GCC_WARN_UNINITIALIZED_AUTOS = YES_AGGRESSIVE;
				GCC_WARN_UNUSED_FUNCTION = YES;
				GCC_WARN_UNUSED_VARIABLE = YES;
				IPHONEOS_DEPLOYMENT_TARGET = 15.0;
				MTL_ENABLE_DEBUG_INFO = INCLUDE_SOURCE;
				MTL_FAST_MATH = YES;
				ONLY_ACTIVE_ARCH = YES;
				SDKROOT = iphoneos;
				SWIFT_ACTIVE_COMPILATION_CONDITIONS = DEBUG;
				SWIFT_OPTIMIZATION_LEVEL = "-Onone";
			};
			name = Debug;
		};
		3BE35974272881A800058FEC /* Release */ = {
			isa = XCBuildConfiguration;
			buildSettings = {
				ALWAYS_SEARCH_USER_PATHS = NO;
				CLANG_ANALYZER_NONNULL = YES;
				CLANG_ANALYZER_NUMBER_OBJECT_CONVERSION = YES_AGGRESSIVE;
				CLANG_CXX_LANGUAGE_STANDARD = "gnu++17";
				CLANG_CXX_LIBRARY = "libc++";
				CLANG_ENABLE_MODULES = YES;
				CLANG_ENABLE_OBJC_ARC = YES;
				CLANG_ENABLE_OBJC_WEAK = YES;
				CLANG_WARN_BLOCK_CAPTURE_AUTORELEASING = YES;
				CLANG_WARN_BOOL_CONVERSION = YES;
				CLANG_WARN_COMMA = YES;
				CLANG_WARN_CONSTANT_CONVERSION = YES;
				CLANG_WARN_DEPRECATED_OBJC_IMPLEMENTATIONS = YES;
				CLANG_WARN_DIRECT_OBJC_ISA_USAGE = YES_ERROR;
				CLANG_WARN_DOCUMENTATION_COMMENTS = YES;
				CLANG_WARN_EMPTY_BODY = YES;
				CLANG_WARN_ENUM_CONVERSION = YES;
				CLANG_WARN_INFINITE_RECURSION = YES;
				CLANG_WARN_INT_CONVERSION = YES;
				CLANG_WARN_NON_LITERAL_NULL_CONVERSION = YES;
				CLANG_WARN_OBJC_IMPLICIT_RETAIN_SELF = YES;
				CLANG_WARN_OBJC_LITERAL_CONVERSION = YES;
				CLANG_WARN_OBJC_ROOT_CLASS = YES_ERROR;
				CLANG_WARN_QUOTED_INCLUDE_IN_FRAMEWORK_HEADER = YES;
				CLANG_WARN_RANGE_LOOP_ANALYSIS = YES;
				CLANG_WARN_STRICT_PROTOTYPES = YES;
				CLANG_WARN_SUSPICIOUS_MOVE = YES;
				CLANG_WARN_UNGUARDED_AVAILABILITY = YES_AGGRESSIVE;
				CLANG_WARN_UNREACHABLE_CODE = YES;
				CLANG_WARN__DUPLICATE_METHOD_MATCH = YES;
				COPY_PHASE_STRIP = NO;
				DEBUG_INFORMATION_FORMAT = "dwarf-with-dsym";
				ENABLE_NS_ASSERTIONS = NO;
				ENABLE_STRICT_OBJC_MSGSEND = YES;
				GCC_C_LANGUAGE_STANDARD = gnu11;
				GCC_NO_COMMON_BLOCKS = YES;
				GCC_WARN_64_TO_32_BIT_CONVERSION = YES;
				GCC_WARN_ABOUT_RETURN_TYPE = YES_ERROR;
				GCC_WARN_UNDECLARED_SELECTOR = YES;
				GCC_WARN_UNINITIALIZED_AUTOS = YES_AGGRESSIVE;
				GCC_WARN_UNUSED_FUNCTION = YES;
				GCC_WARN_UNUSED_VARIABLE = YES;
				IPHONEOS_DEPLOYMENT_TARGET = 15.0;
				MTL_ENABLE_DEBUG_INFO = NO;
				MTL_FAST_MATH = YES;
				SDKROOT = iphoneos;
				SWIFT_COMPILATION_MODE = wholemodule;
				SWIFT_OPTIMIZATION_LEVEL = "-O";
				VALIDATE_PRODUCT = YES;
			};
			name = Release;
		};
		3BE35976272881A800058FEC /* Debug */ = {
			isa = XCBuildConfiguration;
			buildSettings = {
				ASSETCATALOG_COMPILER_APPICON_NAME = AppIcon;
				ASSETCATALOG_COMPILER_GLOBAL_ACCENT_COLOR_NAME = AccentColor;
				CODE_SIGN_STYLE = Automatic;
				CURRENT_PROJECT_VERSION = 1;
				DEVELOPMENT_TEAM = 6P22UTPMU7;
				GENERATE_INFOPLIST_FILE = YES;
				INFOPLIST_FILE = "first app/Info.plist";
				INFOPLIST_KEY_UIApplicationSupportsIndirectInputEvents = YES;
				INFOPLIST_KEY_UILaunchStoryboardName = LaunchScreen;
				INFOPLIST_KEY_UIMainStoryboardFile = Main;
				INFOPLIST_KEY_UISupportedInterfaceOrientations_iPad = "UIInterfaceOrientationPortrait UIInterfaceOrientationPortraitUpsideDown UIInterfaceOrientationLandscapeLeft UIInterfaceOrientationLandscapeRight";
				INFOPLIST_KEY_UISupportedInterfaceOrientations_iPhone = "UIInterfaceOrientationPortrait UIInterfaceOrientationLandscapeLeft UIInterfaceOrientationLandscapeRight";
				LD_RUNPATH_SEARCH_PATHS = (
					"$(inherited)",
					"@executable_path/Frameworks",
				);
				MARKETING_VERSION = 1.0;
				PRODUCT_BUNDLE_IDENTIFIER = "PWM.first-app";
				PRODUCT_NAME = "$(TARGET_NAME)";
				SWIFT_EMIT_LOC_STRINGS = YES;
				SWIFT_VERSION = 5.0;
				TARGETED_DEVICE_FAMILY = "1,2";
			};
			name = Debug;
		};
		3BE35977272881A800058FEC /* Release */ = {
			isa = XCBuildConfiguration;
			buildSettings = {
				ASSETCATALOG_COMPILER_APPICON_NAME = AppIcon;
				ASSETCATALOG_COMPILER_GLOBAL_ACCENT_COLOR_NAME = AccentColor;
				CODE_SIGN_STYLE = Automatic;
				CURRENT_PROJECT_VERSION = 1;
				DEVELOPMENT_TEAM = 6P22UTPMU7;
				GENERATE_INFOPLIST_FILE = YES;
				INFOPLIST_FILE = "first app/Info.plist";
				INFOPLIST_KEY_UIApplicationSupportsIndirectInputEvents = YES;
				INFOPLIST_KEY_UILaunchStoryboardName = LaunchScreen;
				INFOPLIST_KEY_UIMainStoryboardFile = Main;
				INFOPLIST_KEY_UISupportedInterfaceOrientations_iPad = "UIInterfaceOrientationPortrait UIInterfaceOrientationPortraitUpsideDown UIInterfaceOrientationLandscapeLeft UIInterfaceOrientationLandscapeRight";
				INFOPLIST_KEY_UISupportedInterfaceOrientations_iPhone = "UIInterfaceOrientationPortrait UIInterfaceOrientationLandscapeLeft UIInterfaceOrientationLandscapeRight";
				LD_RUNPATH_SEARCH_PATHS = (
					"$(inherited)",
					"@executable_path/Frameworks",
				);
				MARKETING_VERSION = 1.0;
				PRODUCT_BUNDLE_IDENTIFIER = "PWM.first-app";
				PRODUCT_NAME = "$(TARGET_NAME)";
				SWIFT_EMIT_LOC_STRINGS = YES;
				SWIFT_VERSION = 5.0;
				TARGETED_DEVICE_FAMILY = "1,2";
			};
			name = Release;
		};
		3BE35979272881A800058FEC /* Debug */ = {
			isa = XCBuildConfiguration;
			buildSettings = {
				ALWAYS_EMBED_SWIFT_STANDARD_LIBRARIES = YES;
				BUNDLE_LOADER = "$(TEST_HOST)";
				CODE_SIGN_STYLE = Automatic;
				CURRENT_PROJECT_VERSION = 1;
				DEVELOPMENT_TEAM = 6P22UTPMU7;
				GENERATE_INFOPLIST_FILE = YES;
				IPHONEOS_DEPLOYMENT_TARGET = 15.0;
				LD_RUNPATH_SEARCH_PATHS = (
					"$(inherited)",
					"@executable_path/Frameworks",
					"@loader_path/Frameworks",
				);
				MARKETING_VERSION = 1.0;
				PRODUCT_BUNDLE_IDENTIFIER = "PWM.first-appTests";
				PRODUCT_NAME = "$(TARGET_NAME)";
				SWIFT_EMIT_LOC_STRINGS = NO;
				SWIFT_VERSION = 5.0;
				TARGETED_DEVICE_FAMILY = "1,2";
				TEST_HOST = "$(BUILT_PRODUCTS_DIR)/first app.app/first app";
			};
			name = Debug;
		};
		3BE3597A272881A800058FEC /* Release */ = {
			isa = XCBuildConfiguration;
			buildSettings = {
				ALWAYS_EMBED_SWIFT_STANDARD_LIBRARIES = YES;
				BUNDLE_LOADER = "$(TEST_HOST)";
				CODE_SIGN_STYLE = Automatic;
				CURRENT_PROJECT_VERSION = 1;
				DEVELOPMENT_TEAM = 6P22UTPMU7;
				GENERATE_INFOPLIST_FILE = YES;
				IPHONEOS_DEPLOYMENT_TARGET = 15.0;
				LD_RUNPATH_SEARCH_PATHS = (
					"$(inherited)",
					"@executable_path/Frameworks",
					"@loader_path/Frameworks",
				);
				MARKETING_VERSION = 1.0;
				PRODUCT_BUNDLE_IDENTIFIER = "PWM.first-appTests";
				PRODUCT_NAME = "$(TARGET_NAME)";
				SWIFT_EMIT_LOC_STRINGS = NO;
				SWIFT_VERSION = 5.0;
				TARGETED_DEVICE_FAMILY = "1,2";
				TEST_HOST = "$(BUILT_PRODUCTS_DIR)/first app.app/first app";
			};
			name = Release;
		};
		3BE3597C272881A800058FEC /* Debug */ = {
			isa = XCBuildConfiguration;
			buildSettings = {
				ALWAYS_EMBED_SWIFT_STANDARD_LIBRARIES = YES;
				CODE_SIGN_STYLE = Automatic;
				CURRENT_PROJECT_VERSION = 1;
				DEVELOPMENT_TEAM = 6P22UTPMU7;
				GENERATE_INFOPLIST_FILE = YES;
				LD_RUNPATH_SEARCH_PATHS = (
					"$(inherited)",
					"@executable_path/Frameworks",
					"@loader_path/Frameworks",
				);
				MARKETING_VERSION = 1.0;
				PRODUCT_BUNDLE_IDENTIFIER = "PWM.first-appUITests";
				PRODUCT_NAME = "$(TARGET_NAME)";
				SWIFT_EMIT_LOC_STRINGS = NO;
				SWIFT_VERSION = 5.0;
				TARGETED_DEVICE_FAMILY = "1,2";
				TEST_TARGET_NAME = "first app";
			};
			name = Debug;
		};
		3BE3597D272881A800058FEC /* Release */ = {
			isa = XCBuildConfiguration;
			buildSettings = {
				ALWAYS_EMBED_SWIFT_STANDARD_LIBRARIES = YES;
				CODE_SIGN_STYLE = Automatic;
				CURRENT_PROJECT_VERSION = 1;
				DEVELOPMENT_TEAM = 6P22UTPMU7;
				GENERATE_INFOPLIST_FILE = YES;
				LD_RUNPATH_SEARCH_PATHS = (
					"$(inherited)",
					"@executable_path/Frameworks",
					"@loader_path/Frameworks",
				);
				MARKETING_VERSION = 1.0;
				PRODUCT_BUNDLE_IDENTIFIER = "PWM.first-appUITests";
				PRODUCT_NAME = "$(TARGET_NAME)";
				SWIFT_EMIT_LOC_STRINGS = NO;
				SWIFT_VERSION = 5.0;
				TARGETED_DEVICE_FAMILY = "1,2";
				TEST_TARGET_NAME = "first app";
			};
			name = Release;
		};
/* End XCBuildConfiguration section */

/* Begin XCConfigurationList section */
		3BE35946272881A800058FEC /* Build configuration list for PBXProject "first app" */ = {
			isa = XCConfigurationList;
			buildConfigurations = (
				3BE35973272881A800058FEC /* Debug */,
				3BE35974272881A800058FEC /* Release */,
			);
			defaultConfigurationIsVisible = 0;
			defaultConfigurationName = Release;
		};
		3BE35975272881A800058FEC /* Build configuration list for PBXNativeTarget "first app" */ = {
			isa = XCConfigurationList;
			buildConfigurations = (
				3BE35976272881A800058FEC /* Debug */,
				3BE35977272881A800058FEC /* Release */,
			);
			defaultConfigurationIsVisible = 0;
			defaultConfigurationName = Release;
		};
		3BE35978272881A800058FEC /* Build configuration list for PBXNativeTarget "first appTests" */ = {
			isa = XCConfigurationList;
			buildConfigurations = (
				3BE35979272881A800058FEC /* Debug */,
				3BE3597A272881A800058FEC /* Release */,
			);
			defaultConfigurationIsVisible = 0;
			defaultConfigurationName = Release;
		};
		3BE3597B272881A800058FEC /* Build configuration list for PBXNativeTarget "first appUITests" */ = {
			isa = XCConfigurationList;
			buildConfigurations = (
				3BE3597C272881A800058FEC /* Debug */,
				3BE3597D272881A800058FEC /* Release */,
			);
			defaultConfigurationIsVisible = 0;
			defaultConfigurationName = Release;
		};
/* End XCConfigurationList section */
	};
	rootObject = 3BE35943272881A800058FEC /* Project object */;
}
